
Microsoft Visual Studio Solution File, Format Version 12.00
# Visual Studio Version 16
VisualStudioVersion = 16.0.29905.134
MinimumVisualStudioVersion = 10.0.40219.1
Project("{FAE04EC0-301F-11D3-BF4B-00C04F79EFBC}") = "Addition_task", "Addition_task\Addition_task.csproj", "{D6B1947A-9000-4304-9843-93621B85FB5D}"
EndProject
Global
	GlobalSection(SolutionConfigurationPlatforms) = preSolution
		Debug|Any CPU = Debug|Any CPU
		Release|Any CPU = Release|Any CPU
	EndGlobalSection
	GlobalSection(ProjectConfigurationPlatforms) = postSolution
		{D6B1947A-9000-4304-9843-93621B85FB5D}.Debug|Any CPU.ActiveCfg = Debug|Any CPU
		{D6B1947A-9000-4304-9843-93621B85FB5D}.Debug|Any CPU.Build.0 = Debug|Any CPU
		{D6B1947A-9000-4304-9843-93621B85FB5D}.Release|Any CPU.ActiveCfg = Release|Any CPU
		{D6B1947A-9000-4304-9843-93621B85FB5D}.Release|Any CPU.Build.0 = Release|Any CPU
	EndGlobalSection
	GlobalSection(SolutionProperties) = preSolution
		HideSolutionNode = FALSE
	EndGlobalSection
	GlobalSection(ExtensibilityGlobals) = postSolution
		SolutionGuid = {59CD207E-9542-4D94-8925-A0E7708BFFDD}
	EndGlobalSection
EndGlobal
